
Microsoft Visual Studio Solution File, Format Version 12.00
# Visual Studio Version 17
VisualStudioVersion = 17.9.34310.174
MinimumVisualStudioVersion = 10.0.40219.1
Project("{FAE04EC0-301F-11D3-BF4B-00C04F79EFBC}") = "ATMDenominationRoutine", "ATMDenominationRoutine.csproj", "{C647028D-B6E8-48EE-8363-E557C0C22E83}"
EndProject
Global
	GlobalSection(SolutionConfigurationPlatforms) = preSolution
		Debug|Any CPU = Debug|Any CPU
		Release|Any CPU = Release|Any CPU
	EndGlobalSection
	GlobalSection(ProjectConfigurationPlatforms) = postSolution
		{C647028D-B6E8-48EE-8363-E557C0C22E83}.Debug|Any CPU.ActiveCfg = Debug|Any CPU
		{C647028D-B6E8-48EE-8363-E557C0C22E83}.Debug|Any CPU.Build.0 = Debug|Any CPU
		{C647028D-B6E8-48EE-8363-E557C0C22E83}.Release|Any CPU.ActiveCfg = Release|Any CPU
		{C647028D-B6E8-48EE-8363-E557C0C22E83}.Release|Any CPU.Build.0 = Release|Any CPU
	EndGlobalSection
	GlobalSection(SolutionProperties) = preSolution
		HideSolutionNode = FALSE
	EndGlobalSection
	GlobalSection(ExtensibilityGlobals) = postSolution
		SolutionGuid = {091DC3C6-B1DB-472D-925C-B2699F5BC1C6}
	EndGlobalSection
EndGlobal
